
Microsoft Visual Studio Solution File, Format Version 12.00
# Visual Studio 15
Project("{FAE04EC0-301F-11D3-BF4B-00C04F79EFBC}") = "PieShop", "PieShop\PieShop.csproj", "{527E4F6D-7F62-4A25-B211-3661D48C6199}"
EndProject
Project("{2150E333-8FDC-42A3-9474-1A3956D46DE8}") = "Solution Items", "Solution Items", "{420A6BC3-E294-425E-93E3-2E65CE27FA07}"
	ProjectSection(SolutionItems) = preProject
		.editorconfig = .editorconfig
	EndProjectSection
EndProject
Global
	GlobalSection(SolutionConfigurationPlatforms) = preSolution
		Debug|Any CPU = Debug|Any CPU
		Release|Any CPU = Release|Any CPU
	EndGlobalSection
	GlobalSection(ProjectConfigurationPlatforms) = postSolution
		{527E4F6D-7F62-4A25-B211-3661D48C6199}.Debug|Any CPU.ActiveCfg = Debug|Any CPU
		{527E4F6D-7F62-4A25-B211-3661D48C6199}.Debug|Any CPU.Build.0 = Debug|Any CPU
		{527E4F6D-7F62-4A25-B211-3661D48C6199}.Release|Any CPU.ActiveCfg = Release|Any CPU
		{527E4F6D-7F62-4A25-B211-3661D48C6199}.Release|Any CPU.Build.0 = Release|Any CPU
	EndGlobalSection
EndGlobal
